// !$*UTF8*$!
{
	archiveVersion = 1;
	classes = {
	};
	objectVersion = 46;
	objects = {

/* Begin PBXBuildFile section */
		217782811DBBE1BF00E868E0 /* ScreenplayTableViewController.m in Sources */ = {isa = PBXBuildFile; fileRef = 217782801DBBE1BF00E868E0 /* ScreenplayTableViewController.m */; };
		217782851DBBE24200E868E0 /* ScreenplayDetailViewController.m in Sources */ = {isa = PBXBuildFile; fileRef = 217782841DBBE24200E868E0 /* ScreenplayDetailViewController.m */; };
		217782881DBBE25A00E868E0 /* CharacterTableViewController.m in Sources */ = {isa = PBXBuildFile; fileRef = 217782871DBBE25A00E868E0 /* CharacterTableViewController.m */; };
		2177828B1DBBE26F00E868E0 /* CharacterDetailViewController.m in Sources */ = {isa = PBXBuildFile; fileRef = 2177828A1DBBE26F00E868E0 /* CharacterDetailViewController.m */; };
		2177828E1DBBE29300E868E0 /* StoryboardCollectionViewController.m in Sources */ = {isa = PBXBuildFile; fileRef = 2177828D1DBBE29300E868E0 /* StoryboardCollectionViewController.m */; };
		217782911DBBE3FF00E868E0 /* SceneViewController.m in Sources */ = {isa = PBXBuildFile; fileRef = 217782901DBBE3FF00E868E0 /* SceneViewController.m */; };
		217782941DBBEB1600E868E0 /* Screenplay.m in Sources */ = {isa = PBXBuildFile; fileRef = 217782931DBBEB1600E868E0 /* Screenplay.m */; };
		217782981DBBEBA500E868E0 /* Character.m in Sources */ = {isa = PBXBuildFile; fileRef = 217782971DBBEBA500E868E0 /* Character.m */; };
		2177829B1DBBEDD800E868E0 /* Scene.m in Sources */ = {isa = PBXBuildFile; fileRef = 2177829A1DBBEDD800E868E0 /* Scene.m */; };
		2177829F1DBBEEC500E868E0 /* Model.xcdatamodeld in Sources */ = {isa = PBXBuildFile; fileRef = 2177829D1DBBEEC500E868E0 /* Model.xcdatamodeld */; };
		217782A21DBBF23500E868E0 /* CoreData.framework in Frameworks */ = {isa = PBXBuildFile; fileRef = 217782A11DBBF23500E868E0 /* CoreData.framework */; };
		217782A51DBBF4D200E868E0 /* CoreDataStack.m in Sources */ = {isa = PBXBuildFile; fileRef = 217782A41DBBF4D200E868E0 /* CoreDataStack.m */; };
		217782C21DBD2F7E00E868E0 /* SceneController.m in Sources */ = {isa = PBXBuildFile; fileRef = 217782C11DBD2F7E00E868E0 /* SceneController.m */; };
		217782C51DBD2F8B00E868E0 /* CharacterController.m in Sources */ = {isa = PBXBuildFile; fileRef = 217782C41DBD2F8B00E868E0 /* CharacterController.m */; };
		217782C81DBD2F9F00E868E0 /* ScreenplayController.m in Sources */ = {isa = PBXBuildFile; fileRef = 217782C71DBD2F9F00E868E0 /* ScreenplayController.m */; };
		21C1FA5B1DBBD64C000B5998 /* main.m in Sources */ = {isa = PBXBuildFile; fileRef = 21C1FA5A1DBBD64C000B5998 /* main.m */; };
		21C1FA5E1DBBD64C000B5998 /* AppDelegate.m in Sources */ = {isa = PBXBuildFile; fileRef = 21C1FA5D1DBBD64C000B5998 /* AppDelegate.m */; };
		21C1FA641DBBD64C000B5998 /* Main.storyboard in Resources */ = {isa = PBXBuildFile; fileRef = 21C1FA621DBBD64C000B5998 /* Main.storyboard */; };
		21C1FA661DBBD64C000B5998 /* Assets.xcassets in Resources */ = {isa = PBXBuildFile; fileRef = 21C1FA651DBBD64C000B5998 /* Assets.xcassets */; };
		21C1FA691DBBD64C000B5998 /* LaunchScreen.storyboard in Resources */ = {isa = PBXBuildFile; fileRef = 21C1FA671DBBD64C000B5998 /* LaunchScreen.storyboard */; };
		21C1FA741DBBD64C000B5998 /* Screenplay_StarterTests.m in Sources */ = {isa = PBXBuildFile; fileRef = 21C1FA731DBBD64C000B5998 /* Screenplay_StarterTests.m */; };
/* End PBXBuildFile section */

/* Begin PBXContainerItemProxy section */
		21C1FA701DBBD64C000B5998 /* PBXContainerItemProxy */ = {
			isa = PBXContainerItemProxy;
			containerPortal = 21C1FA4E1DBBD64C000B5998 /* Project object */;
			proxyType = 1;
			remoteGlobalIDString = 21C1FA551DBBD64C000B5998;
			remoteInfo = "Screenplay Starter";
		};
/* End PBXContainerItemProxy section */

/* Begin PBXFileReference section */
		2177827F1DBBE1BF00E868E0 /* ScreenplayTableViewController.h */ = {isa = PBXFileReference; fileEncoding = 4; lastKnownFileType = sourcecode.c.h; path = ScreenplayTableViewController.h; sourceTree = "<group>"; };
		217782801DBBE1BF00E868E0 /* ScreenplayTableViewController.m */ = {isa = PBXFileReference; fileEncoding = 4; lastKnownFileType = sourcecode.c.objc; path = ScreenplayTableViewController.m; sourceTree = "<group>"; };
		217782831DBBE24200E868E0 /* ScreenplayDetailViewController.h */ = {isa = PBXFileReference; fileEncoding = 4; lastKnownFileType = sourcecode.c.h; path = ScreenplayDetailViewController.h; sourceTree = "<group>"; };
		217782841DBBE24200E868E0 /* ScreenplayDetailViewController.m */ = {isa = PBXFileReference; fileEncoding = 4; lastKnownFileType = sourcecode.c.objc; path = ScreenplayDetailViewController.m; sourceTree = "<group>"; };
		217782861DBBE25A00E868E0 /* CharacterTableViewController.h */ = {isa = PBXFileReference; fileEncoding = 4; lastKnownFileType = sourcecode.c.h; path = CharacterTableViewController.h; sourceTree = "<group>"; };
		217782871DBBE25A00E868E0 /* CharacterTableViewController.m */ = {isa = PBXFileReference; fileEncoding = 4; lastKnownFileType = sourcecode.c.objc; path = CharacterTableViewController.m; sourceTree = "<group>"; };
		217782891DBBE26F00E868E0 /* CharacterDetailViewController.h */ = {isa = PBXFileReference; fileEncoding = 4; lastKnownFileType = sourcecode.c.h; path = CharacterDetailViewController.h; sourceTree = "<group>"; };
		2177828A1DBBE26F00E868E0 /* CharacterDetailViewController.m */ = {isa = PBXFileReference; fileEncoding = 4; lastKnownFileType = sourcecode.c.objc; path = CharacterDetailViewController.m; sourceTree = "<group>"; };
		2177828C1DBBE29300E868E0 /* StoryboardCollectionViewController.h */ = {isa = PBXFileReference; fileEncoding = 4; lastKnownFileType = sourcecode.c.h; path = StoryboardCollectionViewController.h; sourceTree = "<group>"; };
		2177828D1DBBE29300E868E0 /* StoryboardCollectionViewController.m */ = {isa = PBXFileReference; fileEncoding = 4; lastKnownFileType = sourcecode.c.objc; path = StoryboardCollectionViewController.m; sourceTree = "<group>"; };
		2177828F1DBBE3FF00E868E0 /* SceneViewController.h */ = {isa = PBXFileReference; fileEncoding = 4; lastKnownFileType = sourcecode.c.h; path = SceneViewController.h; sourceTree = "<group>"; };
		217782901DBBE3FF00E868E0 /* SceneViewController.m */ = {isa = PBXFileReference; fileEncoding = 4; lastKnownFileType = sourcecode.c.objc; path = SceneViewController.m; sourceTree = "<group>"; };
		217782921DBBEB1600E868E0 /* Screenplay.h */ = {isa = PBXFileReference; fileEncoding = 4; lastKnownFileType = sourcecode.c.h; path = Screenplay.h; sourceTree = "<group>"; };
		217782931DBBEB1600E868E0 /* Screenplay.m */ = {isa = PBXFileReference; fileEncoding = 4; lastKnownFileType = sourcecode.c.objc; path = Screenplay.m; sourceTree = "<group>"; };
		217782961DBBEBA500E868E0 /* Character.h */ = {isa = PBXFileReference; fileEncoding = 4; lastKnownFileType = sourcecode.c.h; path = Character.h; sourceTree = "<group>"; };
		217782971DBBEBA500E868E0 /* Character.m */ = {isa = PBXFileReference; fileEncoding = 4; lastKnownFileType = sourcecode.c.objc; path = Character.m; sourceTree = "<group>"; };
		217782991DBBEDD800E868E0 /* Scene.h */ = {isa = PBXFileReference; fileEncoding = 4; lastKnownFileType = sourcecode.c.h; path = Scene.h; sourceTree = "<group>"; };
		2177829A1DBBEDD800E868E0 /* Scene.m */ = {isa = PBXFileReference; fileEncoding = 4; lastKnownFileType = sourcecode.c.objc; path = Scene.m; sourceTree = "<group>"; };
		2177829E1DBBEEC500E868E0 /* Model.xcdatamodel */ = {isa = PBXFileReference; lastKnownFileType = wrapper.xcdatamodel; path = Model.xcdatamodel; sourceTree = "<group>"; };
		217782A11DBBF23500E868E0 /* CoreData.framework */ = {isa = PBXFileReference; lastKnownFileType = wrapper.framework; name = CoreData.framework; path = System/Library/Frameworks/CoreData.framework; sourceTree = SDKROOT; };
		217782A31DBBF4D200E868E0 /* CoreDataStack.h */ = {isa = PBXFileReference; fileEncoding = 4; lastKnownFileType = sourcecode.c.h; path = CoreDataStack.h; sourceTree = "<group>"; };
		217782A41DBBF4D200E868E0 /* CoreDataStack.m */ = {isa = PBXFileReference; fileEncoding = 4; lastKnownFileType = sourcecode.c.objc; path = CoreDataStack.m; sourceTree = "<group>"; };
		217782A71DBD2EAC00E868E0 /* Screenplay Starter-Bridging-Header.h */ = {isa = PBXFileReference; lastKnownFileType = sourcecode.c.h; path = "Screenplay Starter-Bridging-Header.h"; sourceTree = "<group>"; };
		217782C01DBD2F7E00E868E0 /* SceneController.h */ = {isa = PBXFileReference; fileEncoding = 4; lastKnownFileType = sourcecode.c.h; path = SceneController.h; sourceTree = "<group>"; };
		217782C11DBD2F7E00E868E0 /* SceneController.m */ = {isa = PBXFileReference; fileEncoding = 4; lastKnownFileType = sourcecode.c.objc; path = SceneController.m; sourceTree = "<group>"; };
		217782C31DBD2F8B00E868E0 /* CharacterController.h */ = {isa = PBXFileReference; fileEncoding = 4; lastKnownFileType = sourcecode.c.h; path = CharacterController.h; sourceTree = "<group>"; };
		217782C41DBD2F8B00E868E0 /* CharacterController.m */ = {isa = PBXFileReference; fileEncoding = 4; lastKnownFileType = sourcecode.c.objc; path = CharacterController.m; sourceTree = "<group>"; };
		217782C61DBD2F9F00E868E0 /* ScreenplayController.h */ = {isa = PBXFileReference; fileEncoding = 4; lastKnownFileType = sourcecode.c.h; path = ScreenplayController.h; sourceTree = "<group>"; };
		217782C71DBD2F9F00E868E0 /* ScreenplayController.m */ = {isa = PBXFileReference; fileEncoding = 4; lastKnownFileType = sourcecode.c.objc; path = ScreenplayController.m; sourceTree = "<group>"; };
		21C1FA561DBBD64C000B5998 /* Screenplay Starter.app */ = {isa = PBXFileReference; explicitFileType = wrapper.application; includeInIndex = 0; path = "Screenplay Starter.app"; sourceTree = BUILT_PRODUCTS_DIR; };
		21C1FA5A1DBBD64C000B5998 /* main.m */ = {isa = PBXFileReference; lastKnownFileType = sourcecode.c.objc; path = main.m; sourceTree = "<group>"; };
		21C1FA5C1DBBD64C000B5998 /* AppDelegate.h */ = {isa = PBXFileReference; lastKnownFileType = sourcecode.c.h; path = AppDelegate.h; sourceTree = "<group>"; };
		21C1FA5D1DBBD64C000B5998 /* AppDelegate.m */ = {isa = PBXFileReference; lastKnownFileType = sourcecode.c.objc; path = AppDelegate.m; sourceTree = "<group>"; };
		21C1FA631DBBD64C000B5998 /* Base */ = {isa = PBXFileReference; lastKnownFileType = file.storyboard; name = Base; path = Base.lproj/Main.storyboard; sourceTree = "<group>"; };
		21C1FA651DBBD64C000B5998 /* Assets.xcassets */ = {isa = PBXFileReference; lastKnownFileType = folder.assetcatalog; path = Assets.xcassets; sourceTree = "<group>"; };
		21C1FA681DBBD64C000B5998 /* Base */ = {isa = PBXFileReference; lastKnownFileType = file.storyboard; name = Base; path = Base.lproj/LaunchScreen.storyboard; sourceTree = "<group>"; };
		21C1FA6A1DBBD64C000B5998 /* Info.plist */ = {isa = PBXFileReference; lastKnownFileType = text.plist.xml; path = Info.plist; sourceTree = "<group>"; };
		21C1FA6F1DBBD64C000B5998 /* Screenplay StarterTests.xctest */ = {isa = PBXFileReference; explicitFileType = wrapper.cfbundle; includeInIndex = 0; path = "Screenplay StarterTests.xctest"; sourceTree = BUILT_PRODUCTS_DIR; };
		21C1FA731DBBD64C000B5998 /* Screenplay_StarterTests.m */ = {isa = PBXFileReference; lastKnownFileType = sourcecode.c.objc; path = Screenplay_StarterTests.m; sourceTree = "<group>"; };
		21C1FA751DBBD64C000B5998 /* Info.plist */ = {isa = PBXFileReference; lastKnownFileType = text.plist.xml; path = Info.plist; sourceTree = "<group>"; };
/* End PBXFileReference section */

/* Begin PBXFrameworksBuildPhase section */
		21C1FA531DBBD64C000B5998 /* Frameworks */ = {
			isa = PBXFrameworksBuildPhase;
			buildActionMask = 2147483647;
			files = (
				217782A21DBBF23500E868E0 /* CoreData.framework in Frameworks */,
			);
			runOnlyForDeploymentPostprocessing = 0;
		};
		21C1FA6C1DBBD64C000B5998 /* Frameworks */ = {
			isa = PBXFrameworksBuildPhase;
			buildActionMask = 2147483647;
			files = (
			);
			runOnlyForDeploymentPostprocessing = 0;
		};
/* End PBXFrameworksBuildPhase section */

/* Begin PBXGroup section */
		217782821DBBE1D200E868E0 /* ViewController */ = {
			isa = PBXGroup;
			children = (
				2177827F1DBBE1BF00E868E0 /* ScreenplayTableViewController.h */,
				217782801DBBE1BF00E868E0 /* ScreenplayTableViewController.m */,
				217782831DBBE24200E868E0 /* ScreenplayDetailViewController.h */,
				217782841DBBE24200E868E0 /* ScreenplayDetailViewController.m */,
				217782861DBBE25A00E868E0 /* CharacterTableViewController.h */,
				217782871DBBE25A00E868E0 /* CharacterTableViewController.m */,
				217782891DBBE26F00E868E0 /* CharacterDetailViewController.h */,
				2177828A1DBBE26F00E868E0 /* CharacterDetailViewController.m */,
				2177828C1DBBE29300E868E0 /* StoryboardCollectionViewController.h */,
				2177828D1DBBE29300E868E0 /* StoryboardCollectionViewController.m */,
				2177828F1DBBE3FF00E868E0 /* SceneViewController.h */,
				217782901DBBE3FF00E868E0 /* SceneViewController.m */,
			);
			name = ViewController;
			sourceTree = "<group>";
		};
		217782951DBBEB8A00E868E0 /* Model */ = {
			isa = PBXGroup;
			children = (
				217782921DBBEB1600E868E0 /* Screenplay.h */,
				217782931DBBEB1600E868E0 /* Screenplay.m */,
				217782961DBBEBA500E868E0 /* Character.h */,
				217782971DBBEBA500E868E0 /* Character.m */,
				217782991DBBEDD800E868E0 /* Scene.h */,
				2177829A1DBBEDD800E868E0 /* Scene.m */,
			);
			name = Model;
			sourceTree = "<group>";
		};
		2177829C1DBBEE8F00E868E0 /* ModelController */ = {
			isa = PBXGroup;
			children = (
				217782C01DBD2F7E00E868E0 /* SceneController.h */,
				217782C11DBD2F7E00E868E0 /* SceneController.m */,
				217782C31DBD2F8B00E868E0 /* CharacterController.h */,
				217782C41DBD2F8B00E868E0 /* CharacterController.m */,
				217782C61DBD2F9F00E868E0 /* ScreenplayController.h */,
				217782C71DBD2F9F00E868E0 /* ScreenplayController.m */,
			);
			name = ModelController;
			sourceTree = "<group>";
		};
		217782A01DBBF23500E868E0 /* Frameworks */ = {
			isa = PBXGroup;
			children = (
				217782A11DBBF23500E868E0 /* CoreData.framework */,
			);
			name = Frameworks;
			sourceTree = "<group>";
		};
		217782A61DBBF57700E868E0 /* CoreDataStack */ = {
			isa = PBXGroup;
			children = (
				2177829D1DBBEEC500E868E0 /* Model.xcdatamodeld */,
				217782A31DBBF4D200E868E0 /* CoreDataStack.h */,
				217782A41DBBF4D200E868E0 /* CoreDataStack.m */,
			);
			name = CoreDataStack;
			sourceTree = "<group>";
		};
		21C1FA4D1DBBD64C000B5998 = {
			isa = PBXGroup;
			children = (
				21C1FA581DBBD64C000B5998 /* Screenplay Starter */,
				21C1FA721DBBD64C000B5998 /* Screenplay StarterTests */,
				21C1FA571DBBD64C000B5998 /* Products */,
				217782A01DBBF23500E868E0 /* Frameworks */,
				217782A71DBD2EAC00E868E0 /* Screenplay Starter-Bridging-Header.h */,
			);
			sourceTree = "<group>";
		};
		21C1FA571DBBD64C000B5998 /* Products */ = {
			isa = PBXGroup;
			children = (
				21C1FA561DBBD64C000B5998 /* Screenplay Starter.app */,
				21C1FA6F1DBBD64C000B5998 /* Screenplay StarterTests.xctest */,
			);
			name = Products;
			sourceTree = "<group>";
		};
		21C1FA581DBBD64C000B5998 /* Screenplay Starter */ = {
			isa = PBXGroup;
			children = (
				21C1FA5C1DBBD64C000B5998 /* AppDelegate.h */,
				21C1FA5D1DBBD64C000B5998 /* AppDelegate.m */,
				217782A61DBBF57700E868E0 /* CoreDataStack */,
				217782951DBBEB8A00E868E0 /* Model */,
				2177829C1DBBEE8F00E868E0 /* ModelController */,
				217782821DBBE1D200E868E0 /* ViewController */,
				21C1FA621DBBD64C000B5998 /* Main.storyboard */,
				21C1FA651DBBD64C000B5998 /* Assets.xcassets */,
				21C1FA671DBBD64C000B5998 /* LaunchScreen.storyboard */,
				21C1FA6A1DBBD64C000B5998 /* Info.plist */,
				21C1FA591DBBD64C000B5998 /* Supporting Files */,
			);
			path = "Screenplay Starter";
			sourceTree = "<group>";
		};
		21C1FA591DBBD64C000B5998 /* Supporting Files */ = {
			isa = PBXGroup;
			children = (
				21C1FA5A1DBBD64C000B5998 /* main.m */,
			);
			name = "Supporting Files";
			sourceTree = "<group>";
		};
		21C1FA721DBBD64C000B5998 /* Screenplay StarterTests */ = {
			isa = PBXGroup;
			children = (
				21C1FA731DBBD64C000B5998 /* Screenplay_StarterTests.m */,
				21C1FA751DBBD64C000B5998 /* Info.plist */,
			);
			path = "Screenplay StarterTests";
			sourceTree = "<group>";
		};
/* End PBXGroup section */

/* Begin PBXNativeTarget section */
		21C1FA551DBBD64C000B5998 /* Screenplay Starter */ = {
			isa = PBXNativeTarget;
			buildConfigurationList = 21C1FA781DBBD64C000B5998 /* Build configuration list for PBXNativeTarget "Screenplay Starter" */;
			buildPhases = (
				21C1FA521DBBD64C000B5998 /* Sources */,
				21C1FA531DBBD64C000B5998 /* Frameworks */,
				21C1FA541DBBD64C000B5998 /* Resources */,
			);
			buildRules = (
			);
			dependencies = (
			);
			name = "Screenplay Starter";
			productName = "Screenplay Starter";
			productReference = 21C1FA561DBBD64C000B5998 /* Screenplay Starter.app */;
			productType = "com.apple.product-type.application";
		};
		21C1FA6E1DBBD64C000B5998 /* Screenplay StarterTests */ = {
			isa = PBXNativeTarget;
			buildConfigurationList = 21C1FA7B1DBBD64C000B5998 /* Build configuration list for PBXNativeTarget "Screenplay StarterTests" */;
			buildPhases = (
				21C1FA6B1DBBD64C000B5998 /* Sources */,
				21C1FA6C1DBBD64C000B5998 /* Frameworks */,
				21C1FA6D1DBBD64C000B5998 /* Resources */,
			);
			buildRules = (
			);
			dependencies = (
				21C1FA711DBBD64C000B5998 /* PBXTargetDependency */,
			);
			name = "Screenplay StarterTests";
			productName = "Screenplay StarterTests";
			productReference = 21C1FA6F1DBBD64C000B5998 /* Screenplay StarterTests.xctest */;
			productType = "com.apple.product-type.bundle.unit-test";
		};
/* End PBXNativeTarget section */

/* Begin PBXProject section */
		21C1FA4E1DBBD64C000B5998 /* Project object */ = {
			isa = PBXProject;
			attributes = {
				LastUpgradeCheck = 0800;
				ORGANIZATIONNAME = PatrickRidd;
				TargetAttributes = {
					21C1FA551DBBD64C000B5998 = {
						CreatedOnToolsVersion = 8.0;
						LastSwiftMigration = 0800;
						ProvisioningStyle = Automatic;
					};
					21C1FA6E1DBBD64C000B5998 = {
						CreatedOnToolsVersion = 8.0;
						ProvisioningStyle = Automatic;
						TestTargetID = 21C1FA551DBBD64C000B5998;
					};
				};
			};
			buildConfigurationList = 21C1FA511DBBD64C000B5998 /* Build configuration list for PBXProject "Screenplay Starter" */;
			compatibilityVersion = "Xcode 3.2";
			developmentRegion = English;
			hasScannedForEncodings = 0;
			knownRegions = (
				en,
				Base,
			);
			mainGroup = 21C1FA4D1DBBD64C000B5998;
			productRefGroup = 21C1FA571DBBD64C000B5998 /* Products */;
			projectDirPath = "";
			projectRoot = "";
			targets = (
				21C1FA551DBBD64C000B5998 /* Screenplay Starter */,
				21C1FA6E1DBBD64C000B5998 /* Screenplay StarterTests */,
			);
		};
/* End PBXProject section */

/* Begin PBXResourcesBuildPhase section */
		21C1FA541DBBD64C000B5998 /* Resources */ = {
			isa = PBXResourcesBuildPhase;
			buildActionMask = 2147483647;
			files = (
				21C1FA691DBBD64C000B5998 /* LaunchScreen.storyboard in Resources */,
				21C1FA661DBBD64C000B5998 /* Assets.xcassets in Resources */,
				21C1FA641DBBD64C000B5998 /* Main.storyboard in Resources */,
			);
			runOnlyForDeploymentPostprocessing = 0;
		};
		21C1FA6D1DBBD64C000B5998 /* Resources */ = {
			isa = PBXResourcesBuildPhase;
			buildActionMask = 2147483647;
			files = (
			);
			runOnlyForDeploymentPostprocessing = 0;
		};
/* End PBXResourcesBuildPhase section */

/* Begin PBXSourcesBuildPhase section */
		21C1FA521DBBD64C000B5998 /* Sources */ = {
			isa = PBXSourcesBuildPhase;
			buildActionMask = 2147483647;
			files = (
				21C1FA5E1DBBD64C000B5998 /* AppDelegate.m in Sources */,
				217782C81DBD2F9F00E868E0 /* ScreenplayController.m in Sources */,
				217782981DBBEBA500E868E0 /* Character.m in Sources */,
				217782A51DBBF4D200E868E0 /* CoreDataStack.m in Sources */,
				217782811DBBE1BF00E868E0 /* ScreenplayTableViewController.m in Sources */,
				217782C21DBD2F7E00E868E0 /* SceneController.m in Sources */,
				217782851DBBE24200E868E0 /* ScreenplayDetailViewController.m in Sources */,
				2177829B1DBBEDD800E868E0 /* Scene.m in Sources */,
				21C1FA5B1DBBD64C000B5998 /* main.m in Sources */,
				2177828E1DBBE29300E868E0 /* StoryboardCollectionViewController.m in Sources */,
				217782941DBBEB1600E868E0 /* Screenplay.m in Sources */,
				217782911DBBE3FF00E868E0 /* SceneViewController.m in Sources */,
				217782C51DBD2F8B00E868E0 /* CharacterController.m in Sources */,
				217782881DBBE25A00E868E0 /* CharacterTableViewController.m in Sources */,
				2177828B1DBBE26F00E868E0 /* CharacterDetailViewController.m in Sources */,
				2177829F1DBBEEC500E868E0 /* Model.xcdatamodeld in Sources */,
			);
			runOnlyForDeploymentPostprocessing = 0;
		};
		21C1FA6B1DBBD64C000B5998 /* Sources */ = {
			isa = PBXSourcesBuildPhase;
			buildActionMask = 2147483647;
			files = (
				21C1FA741DBBD64C000B5998 /* Screenplay_StarterTests.m in Sources */,
			);
			runOnlyForDeploymentPostprocessing = 0;
		};
/* End PBXSourcesBuildPhase section */

/* Begin PBXTargetDependency section */
		21C1FA711DBBD64C000B5998 /* PBXTargetDependency */ = {
			isa = PBXTargetDependency;
			target = 21C1FA551DBBD64C000B5998 /* Screenplay Starter */;
			targetProxy = 21C1FA701DBBD64C000B5998 /* PBXContainerItemProxy */;
		};
/* End PBXTargetDependency section */

/* Begin PBXVariantGroup section */
		21C1FA621DBBD64C000B5998 /* Main.storyboard */ = {
			isa = PBXVariantGroup;
			children = (
				21C1FA631DBBD64C000B5998 /* Base */,
			);
			name = Main.storyboard;
			sourceTree = "<group>";
		};
		21C1FA671DBBD64C000B5998 /* LaunchScreen.storyboard */ = {
			isa = PBXVariantGroup;
			children = (
				21C1FA681DBBD64C000B5998 /* Base */,
			);
			name = LaunchScreen.storyboard;
			sourceTree = "<group>";
		};
/* End PBXVariantGroup section */

/* Begin XCBuildConfiguration section */
		21C1FA761DBBD64C000B5998 /* Debug */ = {
			isa = XCBuildConfiguration;
			buildSettings = {
				ALWAYS_SEARCH_USER_PATHS = NO;
				CLANG_ANALYZER_NONNULL = YES;
				CLANG_CXX_LANGUAGE_STANDARD = "gnu++0x";
				CLANG_CXX_LIBRARY = "libc++";
				CLANG_ENABLE_MODULES = YES;
				CLANG_ENABLE_OBJC_ARC = YES;
				CLANG_WARN_BOOL_CONVERSION = YES;
				CLANG_WARN_CONSTANT_CONVERSION = YES;
				CLANG_WARN_DIRECT_OBJC_ISA_USAGE = YES_ERROR;
				CLANG_WARN_DOCUMENTATION_COMMENTS = YES;
				CLANG_WARN_EMPTY_BODY = YES;
				CLANG_WARN_ENUM_CONVERSION = YES;
				CLANG_WARN_INFINITE_RECURSION = YES;
				CLANG_WARN_INT_CONVERSION = YES;
				CLANG_WARN_OBJC_ROOT_CLASS = YES_ERROR;
				CLANG_WARN_SUSPICIOUS_MOVES = YES;
				CLANG_WARN_UNREACHABLE_CODE = YES;
				CLANG_WARN__DUPLICATE_METHOD_MATCH = YES;
				"CODE_SIGN_IDENTITY[sdk=iphoneos*]" = "iPhone Developer";
				COPY_PHASE_STRIP = NO;
				DEBUG_INFORMATION_FORMAT = dwarf;
				ENABLE_STRICT_OBJC_MSGSEND = YES;
				ENABLE_TESTABILITY = YES;
				GCC_C_LANGUAGE_STANDARD = gnu99;
				GCC_DYNAMIC_NO_PIC = NO;
				GCC_NO_COMMON_BLOCKS = YES;
				GCC_OPTIMIZATION_LEVEL = 0;
				GCC_PREPROCESSOR_DEFINITIONS = (
					"DEBUG=1",
					"$(inherited)",
				);
				GCC_WARN_64_TO_32_BIT_CONVERSION = YES;
				GCC_WARN_ABOUT_RETURN_TYPE = YES_ERROR;
				GCC_WARN_UNDECLARED_SELECTOR = YES;
				GCC_WARN_UNINITIALIZED_AUTOS = YES_AGGRESSIVE;
				GCC_WARN_UNUSED_FUNCTION = YES;
				GCC_WARN_UNUSED_VARIABLE = YES;
				IPHONEOS_DEPLOYMENT_TARGET = 10.0;
				MTL_ENABLE_DEBUG_INFO = YES;
				ONLY_ACTIVE_ARCH = YES;
				SDKROOT = iphoneos;
			};
			name = Debug;
		};
		21C1FA771DBBD64C000B5998 /* Release */ = {
			isa = XCBuildConfiguration;
			buildSettings = {
				ALWAYS_SEARCH_USER_PATHS = NO;
				CLANG_ANALYZER_NONNULL = YES;
				CLANG_CXX_LANGUAGE_STANDARD = "gnu++0x";
				CLANG_CXX_LIBRARY = "libc++";
				CLANG_ENABLE_MODULES = YES;
				CLANG_ENABLE_OBJC_ARC = YES;
				CLANG_WARN_BOOL_CONVERSION = YES;
				CLANG_WARN_CONSTANT_CONVERSION = YES;
				CLANG_WARN_DIRECT_OBJC_ISA_USAGE = YES_ERROR;
				CLANG_WARN_DOCUMENTATION_COMMENTS = YES;
				CLANG_WARN_EMPTY_BODY = YES;
				CLANG_WARN_ENUM_CONVERSION = YES;
				CLANG_WARN_INFINITE_RECURSION = YES;
				CLANG_WARN_INT_CONVERSION = YES;
				CLANG_WARN_OBJC_ROOT_CLASS = YES_ERROR;
				CLANG_WARN_SUSPICIOUS_MOVES = YES;
				CLANG_WARN_UNREACHABLE_CODE = YES;
				CLANG_WARN__DUPLICATE_METHOD_MATCH = YES;
				"CODE_SIGN_IDENTITY[sdk=iphoneos*]" = "iPhone Developer";
				COPY_PHASE_STRIP = NO;
				DEBUG_INFORMATION_FORMAT = "dwarf-with-dsym";
				ENABLE_NS_ASSERTIONS = NO;
				ENABLE_STRICT_OBJC_MSGSEND = YES;
				GCC_C_LANGUAGE_STANDARD = gnu99;
				GCC_NO_COMMON_BLOCKS = YES;
				GCC_WARN_64_TO_32_BIT_CONVERSION = YES;
				GCC_WARN_ABOUT_RETURN_TYPE = YES_ERROR;
				GCC_WARN_UNDECLARED_SELECTOR = YES;
				GCC_WARN_UNINITIALIZED_AUTOS = YES_AGGRESSIVE;
				GCC_WARN_UNUSED_FUNCTION = YES;
				GCC_WARN_UNUSED_VARIABLE = YES;
				IPHONEOS_DEPLOYMENT_TARGET = 10.0;
				MTL_ENABLE_DEBUG_INFO = NO;
				SDKROOT = iphoneos;
				VALIDATE_PRODUCT = YES;
			};
			name = Release;
		};
		21C1FA791DBBD64C000B5998 /* Debug */ = {
			isa = XCBuildConfiguration;
			buildSettings = {
				ASSETCATALOG_COMPILER_APPICON_NAME = AppIcon;
				CLANG_ENABLE_MODULES = YES;
				INFOPLIST_FILE = "Screenplay Starter/Info.plist";
				LD_RUNPATH_SEARCH_PATHS = "$(inherited) @executable_path/Frameworks";
				PRODUCT_BUNDLE_IDENTIFIER = "com.PatrickRidd.Screenplay-Starter";
				PRODUCT_NAME = "$(TARGET_NAME)";
				SWIFT_OBJC_BRIDGING_HEADER = "Screenplay Starter-Bridging-Header.h";
				SWIFT_OPTIMIZATION_LEVEL = "-Onone";
				SWIFT_VERSION = 3.0;
			};
			name = Debug;
		};
		21C1FA7A1DBBD64C000B5998 /* Release */ = {
			isa = XCBuildConfiguration;
			buildSettings = {
				ASSETCATALOG_COMPILER_APPICON_NAME = AppIcon;
				CLANG_ENABLE_MODULES = YES;
				INFOPLIST_FILE = "Screenplay Starter/Info.plist";
				LD_RUNPATH_SEARCH_PATHS = "$(inherited) @executable_path/Frameworks";
				PRODUCT_BUNDLE_IDENTIFIER = "com.PatrickRidd.Screenplay-Starter";
				PRODUCT_NAME = "$(TARGET_NAME)";
				SWIFT_OBJC_BRIDGING_HEADER = "Screenplay Starter-Bridging-Header.h";
				SWIFT_VERSION = 3.0;
			};
			name = Release;
		};
		21C1FA7C1DBBD64C000B5998 /* Debug */ = {
			isa = XCBuildConfiguration;
			buildSettings = {
				BUNDLE_LOADER = "$(TEST_HOST)";
				INFOPLIST_FILE = "Screenplay StarterTests/Info.plist";
				LD_RUNPATH_SEARCH_PATHS = "$(inherited) @executable_path/Frameworks @loader_path/Frameworks";
				PRODUCT_BUNDLE_IDENTIFIER = "com.PatrickRidd.Screenplay-StarterTests";
				PRODUCT_NAME = "$(TARGET_NAME)";
				TEST_HOST = "$(BUILT_PRODUCTS_DIR)/Screenplay Starter.app/Screenplay Starter";
			};
			name = Debug;
		};
		21C1FA7D1DBBD64C000B5998 /* Release */ = {
			isa = XCBuildConfiguration;
			buildSettings = {
				BUNDLE_LOADER = "$(TEST_HOST)";
				INFOPLIST_FILE = "Screenplay StarterTests/Info.plist";
				LD_RUNPATH_SEARCH_PATHS = "$(inherited) @executable_path/Frameworks @loader_path/Frameworks";
				PRODUCT_BUNDLE_IDENTIFIER = "com.PatrickRidd.Screenplay-StarterTests";
				PRODUCT_NAME = "$(TARGET_NAME)";
				TEST_HOST = "$(BUILT_PRODUCTS_DIR)/Screenplay Starter.app/Screenplay Starter";
			};
			name = Release;
		};
/* End XCBuildConfiguration section */

/* Begin XCConfigurationList section */
		21C1FA511DBBD64C000B5998 /* Build configuration list for PBXProject "Screenplay Starter" */ = {
			isa = XCConfigurationList;
			buildConfigurations = (
				21C1FA761DBBD64C000B5998 /* Debug */,
				21C1FA771DBBD64C000B5998 /* Release */,
			);
			defaultConfigurationIsVisible = 0;
			defaultConfigurationName = Release;
		};
		21C1FA781DBBD64C000B5998 /* Build configuration list for PBXNativeTarget "Screenplay Starter" */ = {
			isa = XCConfigurationList;
			buildConfigurations = (
				21C1FA791DBBD64C000B5998 /* Debug */,
				21C1FA7A1DBBD64C000B5998 /* Release */,
			);
			defaultConfigurationIsVisible = 0;
			defaultConfigurationName = Release;
		};
		21C1FA7B1DBBD64C000B5998 /* Build configuration list for PBXNativeTarget "Screenplay StarterTests" */ = {
			isa = XCConfigurationList;
			buildConfigurations = (
				21C1FA7C1DBBD64C000B5998 /* Debug */,
				21C1FA7D1DBBD64C000B5998 /* Release */,
			);
			defaultConfigurationIsVisible = 0;
			defaultConfigurationName = Release;
		};
/* End XCConfigurationList section */

/* Begin XCVersionGroup section */
		2177829D1DBBEEC500E868E0 /* Model.xcdatamodeld */ = {
			isa = XCVersionGroup;
			children = (
				2177829E1DBBEEC500E868E0 /* Model.xcdatamodel */,
			);
			currentVersion = 2177829E1DBBEEC500E868E0 /* Model.xcdatamodel */;
			name = Model.xcdatamodeld;
			path = ../Model.xcdatamodeld;
			sourceTree = "<group>";
			versionGroupType = wrapper.xcdatamodel;
		};
/* End XCVersionGroup section */
	};
	rootObject = 21C1FA4E1DBBD64C000B5998 /* Project object */;
}
